// !$*UTF8*$!
{
	archiveVersion = 1;
	classes = {
	};
	objectVersion = 46;
	objects = {

/* Begin PBXBuildFile section */
		330203861DC82D8E009F8034 /* main.m in Sources */ = {isa = PBXBuildFile; fileRef = 330203851DC82D8E009F8034 /* main.m */; };
		330203891DC82D8E009F8034 /* AppDelegate.m in Sources */ = {isa = PBXBuildFile; fileRef = 330203881DC82D8E009F8034 /* AppDelegate.m */; };
		3302038C1DC82D8E009F8034 /* ViewController.m in Sources */ = {isa = PBXBuildFile; fileRef = 3302038B1DC82D8E009F8034 /* ViewController.m */; };
		3302038F1DC82D8E009F8034 /* Main.storyboard in Resources */ = {isa = PBXBuildFile; fileRef = 3302038D1DC82D8E009F8034 /* Main.storyboard */; };
		330203911DC82D8E009F8034 /* Assets.xcassets in Resources */ = {isa = PBXBuildFile; fileRef = 330203901DC82D8E009F8034 /* Assets.xcassets */; };
		330203941DC82D8E009F8034 /* LaunchScreen.storyboard in Resources */ = {isa = PBXBuildFile; fileRef = 330203921DC82D8E009F8034 /* LaunchScreen.storyboard */; };
/* End PBXBuildFile section */

/* Begin PBXFileReference section */
		330203811DC82D8E009F8034 /* TestFileHandler.app */ = {isa = PBXFileReference; explicitFileType = wrapper.application; includeInIndex = 0; path = TestFileHandler.app; sourceTree = BUILT_PRODUCTS_DIR; };
		330203851DC82D8E009F8034 /* main.m */ = {isa = PBXFileReference; lastKnownFileType = sourcecode.c.objc; path = main.m; sourceTree = "<group>"; };
		330203871DC82D8E009F8034 /* AppDelegate.h */ = {isa = PBXFileReference; lastKnownFileType = sourcecode.c.h; path = AppDelegate.h; sourceTree = "<group>"; };
		330203881DC82D8E009F8034 /* AppDelegate.m */ = {isa = PBXFileReference; lastKnownFileType = sourcecode.c.objc; path = AppDelegate.m; sourceTree = "<group>"; };
		3302038A1DC82D8E009F8034 /* ViewController.h */ = {isa = PBXFileReference; lastKnownFileType = sourcecode.c.h; path = ViewController.h; sourceTree = "<group>"; };
		3302038B1DC82D8E009F8034 /* ViewController.m */ = {isa = PBXFileReference; lastKnownFileType = sourcecode.c.objc; path = ViewController.m; sourceTree = "<group>"; };
		3302038E1DC82D8E009F8034 /* Base */ = {isa = PBXFileReference; lastKnownFileType = file.storyboard; name = Base; path = Base.lproj/Main.storyboard; sourceTree = "<group>"; };
		330203901DC82D8E009F8034 /* Assets.xcassets */ = {isa = PBXFileReference; lastKnownFileType = folder.assetcatalog; path = Assets.xcassets; sourceTree = "<group>"; };
		330203931DC82D8E009F8034 /* Base */ = {isa = PBXFileReference; lastKnownFileType = file.storyboard; name = Base; path = Base.lproj/LaunchScreen.storyboard; sourceTree = "<group>"; };
		330203951DC82D8E009F8034 /* Info.plist */ = {isa = PBXFileReference; lastKnownFileType = text.plist.xml; path = Info.plist; sourceTree = "<group>"; };
/* End PBXFileReference section */

/* Begin PBXFrameworksBuildPhase section */
		3302037E1DC82D8E009F8034 /* Frameworks */ = {
			isa = PBXFrameworksBuildPhase;
			buildActionMask = 2147483647;
			files = (
			);
			runOnlyForDeploymentPostprocessing = 0;
		};
/* End PBXFrameworksBuildPhase section */

/* Begin PBXGroup section */
		330203781DC82D8E009F8034 = {
			isa = PBXGroup;
			children = (
				330203831DC82D8E009F8034 /* TestFileHandler */,
				330203821DC82D8E009F8034 /* Products */,
			);
			sourceTree = "<group>";
		};
		330203821DC82D8E009F8034 /* Products */ = {
			isa = PBXGroup;
			children = (
				330203811DC82D8E009F8034 /* TestFileHandler.app */,
			);
			name = Products;
			sourceTree = "<group>";
		};
		330203831DC82D8E009F8034 /* TestFileHandler */ = {
			isa = PBXGroup;
			children = (
				330203871DC82D8E009F8034 /* AppDelegate.h */,
				330203881DC82D8E009F8034 /* AppDelegate.m */,
				3302038A1DC82D8E009F8034 /* ViewController.h */,
				3302038B1DC82D8E009F8034 /* ViewController.m */,
				3302038D1DC82D8E009F8034 /* Main.storyboard */,
				330203901DC82D8E009F8034 /* Assets.xcassets */,
				330203921DC82D8E009F8034 /* LaunchScreen.storyboard */,
				330203951DC82D8E009F8034 /* Info.plist */,
				330203841DC82D8E009F8034 /* Supporting Files */,
			);
			path = TestFileHandler;
			sourceTree = "<group>";
		};
		330203841DC82D8E009F8034 /* Supporting Files */ = {
			isa = PBXGroup;
			children = (
				330203851DC82D8E009F8034 /* main.m */,
			);
			name = "Supporting Files";
			sourceTree = "<group>";
		};
/* End PBXGroup section */

/* Begin PBXNativeTarget section */
		330203801DC82D8E009F8034 /* TestFileHandler */ = {
			isa = PBXNativeTarget;
			buildConfigurationList = 330203981DC82D8E009F8034 /* Build configuration list for PBXNativeTarget "TestFileHandler" */;
			buildPhases = (
				3302037D1DC82D8E009F8034 /* Sources */,
				3302037E1DC82D8E009F8034 /* Frameworks */,
				3302037F1DC82D8E009F8034 /* Resources */,
			);
			buildRules = (
			);
			dependencies = (
			);
			name = TestFileHandler;
			productName = TestFileHandler;
			productReference = 330203811DC82D8E009F8034 /* TestFileHandler.app */;
			productType = "com.apple.product-type.application";
		};
/* End PBXNativeTarget section */

/* Begin PBXProject section */
		330203791DC82D8E009F8034 /* Project object */ = {
			isa = PBXProject;
			attributes = {
				LastUpgradeCheck = 0810;
				ORGANIZATIONNAME = scics;
				TargetAttributes = {
					330203801DC82D8E009F8034 = {
						CreatedOnToolsVersion = 8.1;
						ProvisioningStyle = Automatic;
					};
				};
			};
			buildConfigurationList = 3302037C1DC82D8E009F8034 /* Build configuration list for PBXProject "TestFileHandler" */;
			compatibilityVersion = "Xcode 3.2";
			developmentRegion = English;
			hasScannedForEncodings = 0;
			knownRegions = (
				en,
				Base,
			);
			mainGroup = 330203781DC82D8E009F8034;
			productRefGroup = 330203821DC82D8E009F8034 /* Products */;
			projectDirPath = "";
			projectRoot = "";
			targets = (
				330203801DC82D8E009F8034 /* TestFileHandler */,
			);
		};
/* End PBXProject section */

/* Begin PBXResourcesBuildPhase section */
		3302037F1DC82D8E009F8034 /* Resources */ = {
			isa = PBXResourcesBuildPhase;
			buildActionMask = 2147483647;
			files = (
				330203941DC82D8E009F8034 /* LaunchScreen.storyboard in Resources */,
				330203911DC82D8E009F8034 /* Assets.xcassets in Resources */,
				3302038F1DC82D8E009F8034 /* Main.storyboard in Resources */,
			);
			runOnlyForDeploymentPostprocessing = 0;
		};
/* End PBXResourcesBuildPhase section */

/* Begin PBXSourcesBuildPhase section */
		3302037D1DC82D8E009F8034 /* Sources */ = {
			isa = PBXSourcesBuildPhase;
			buildActionMask = 2147483647;
			files = (
				3302038C1DC82D8E009F8034 /* ViewController.m in Sources */,
				330203891DC82D8E009F8034 /* AppDelegate.m in Sources */,
				330203861DC82D8E009F8034 /* main.m in Sources */,
			);
			runOnlyForDeploymentPostprocessing = 0;
		};
/* End PBXSourcesBuildPhase section */

/* Begin PBXVariantGroup section */
		3302038D1DC82D8E009F8034 /* Main.storyboard */ = {
			isa = PBXVariantGroup;
			children = (
				3302038E1DC82D8E009F8034 /* Base */,
			);
			name = Main.storyboard;
			sourceTree = "<group>";
		};
		330203921DC82D8E009F8034 /* LaunchScreen.storyboard */ = {
			isa = PBXVariantGroup;
			children = (
				330203931DC82D8E009F8034 /* Base */,
			);
			name = LaunchScreen.storyboard;
			sourceTree = "<group>";
		};
/* End PBXVariantGroup section */

/* Begin XCBuildConfiguration section */
		330203961DC82D8E009F8034 /* Debug */ = {
			isa = XCBuildConfiguration;
			buildSettings = {
				ALWAYS_SEARCH_USER_PATHS = NO;
				CLANG_ANALYZER_NONNULL = YES;
				CLANG_CXX_LANGUAGE_STANDARD = "gnu++0x";
				CLANG_CXX_LIBRARY = "libc++";
				CLANG_ENABLE_MODULES = YES;
				CLANG_ENABLE_OBJC_ARC = YES;
				CLANG_WARN_BOOL_CONVERSION = YES;
				CLANG_WARN_CONSTANT_CONVERSION = YES;
				CLANG_WARN_DIRECT_OBJC_ISA_USAGE = YES_ERROR;
				CLANG_WARN_DOCUMENTATION_COMMENTS = YES;
				CLANG_WARN_EMPTY_BODY = YES;
				CLANG_WARN_ENUM_CONVERSION = YES;
				CLANG_WARN_INFINITE_RECURSION = YES;
				CLANG_WARN_INT_CONVERSION = YES;
				CLANG_WARN_OBJC_ROOT_CLASS = YES_ERROR;
				CLANG_WARN_SUSPICIOUS_MOVES = YES;
				CLANG_WARN_UNREACHABLE_CODE = YES;
				CLANG_WARN__DUPLICATE_METHOD_MATCH = YES;
				"CODE_SIGN_IDENTITY[sdk=iphoneos*]" = "iPhone Developer";
				COPY_PHASE_STRIP = NO;
				DEBUG_INFORMATION_FORMAT = dwarf;
				ENABLE_STRICT_OBJC_MSGSEND = YES;
				ENABLE_TESTABILITY = YES;
				GCC_C_LANGUAGE_STANDARD = gnu99;
				GCC_DYNAMIC_NO_PIC = NO;
				GCC_NO_COMMON_BLOCKS = YES;
				GCC_OPTIMIZATION_LEVEL = 0;
				GCC_PREPROCESSOR_DEFINITIONS = (
					"DEBUG=1",
					"$(inherited)",
				);
				GCC_WARN_64_TO_32_BIT_CONVERSION = YES;
				GCC_WARN_ABOUT_RETURN_TYPE = YES_ERROR;
				GCC_WARN_UNDECLARED_SELECTOR = YES;
				GCC_WARN_UNINITIALIZED_AUTOS = YES_AGGRESSIVE;
				GCC_WARN_UNUSED_FUNCTION = YES;
				GCC_WARN_UNUSED_VARIABLE = YES;
				IPHONEOS_DEPLOYMENT_TARGET = 10.1;
				MTL_ENABLE_DEBUG_INFO = YES;
				ONLY_ACTIVE_ARCH = YES;
				SDKROOT = iphoneos;
				TARGETED_DEVICE_FAMILY = "1,2";
			};
			name = Debug;
		};
		330203971DC82D8E009F8034 /* Release */ = {
			isa = XCBuildConfiguration;
			buildSettings = {
				ALWAYS_SEARCH_USER_PATHS = NO;
				CLANG_ANALYZER_NONNULL = YES;
				CLANG_CXX_LANGUAGE_STANDARD = "gnu++0x";
				CLANG_CXX_LIBRARY = "libc++";
				CLANG_ENABLE_MODULES = YES;
				CLANG_ENABLE_OBJC_ARC = YES;
				CLANG_WARN_BOOL_CONVERSION = YES;
				CLANG_WARN_CONSTANT_CONVERSION = YES;
				CLANG_WARN_DIRECT_OBJC_ISA_USAGE = YES_ERROR;
				CLANG_WARN_DOCUMENTATION_COMMENTS = YES;
				CLANG_WARN_EMPTY_BODY = YES;
				CLANG_WARN_ENUM_CONVERSION = YES;
				CLANG_WARN_INFINITE_RECURSION = YES;
				CLANG_WARN_INT_CONVERSION = YES;
				CLANG_WARN_OBJC_ROOT_CLASS = YES_ERROR;
				CLANG_WARN_SUSPICIOUS_MOVES = YES;
				CLANG_WARN_UNREACHABLE_CODE = YES;
				CLANG_WARN__DUPLICATE_METHOD_MATCH = YES;
				"CODE_SIGN_IDENTITY[sdk=iphoneos*]" = "iPhone Developer";
				COPY_PHASE_STRIP = NO;
				DEBUG_INFORMATION_FORMAT = "dwarf-with-dsym";
				ENABLE_NS_ASSERTIONS = NO;
				ENABLE_STRICT_OBJC_MSGSEND = YES;
				GCC_C_LANGUAGE_STANDARD = gnu99;
				GCC_NO_COMMON_BLOCKS = YES;
				GCC_WARN_64_TO_32_BIT_CONVERSION = YES;
				GCC_WARN_ABOUT_RETURN_TYPE = YES_ERROR;
				GCC_WARN_UNDECLARED_SELECTOR = YES;
				GCC_WARN_UNINITIALIZED_AUTOS = YES_AGGRESSIVE;
				GCC_WARN_UNUSED_FUNCTION = YES;
				GCC_WARN_UNUSED_VARIABLE = YES;
				IPHONEOS_DEPLOYMENT_TARGET = 10.1;
				MTL_ENABLE_DEBUG_INFO = NO;
				SDKROOT = iphoneos;
				TARGETED_DEVICE_FAMILY = "1,2";
				VALIDATE_PRODUCT = YES;
			};
			name = Release;
		};
		330203991DC82D8E009F8034 /* Debug */ = {
			isa = XCBuildConfiguration;
			buildSettings = {
				ASSETCATALOG_COMPILER_APPICON_NAME = AppIcon;
				INFOPLIST_FILE = TestFileHandler/Info.plist;
				LD_RUNPATH_SEARCH_PATHS = "$(inherited) @executable_path/Frameworks";
				PRODUCT_BUNDLE_IDENTIFIER = com.scics.TestFileHandler;
				PRODUCT_NAME = "$(TARGET_NAME)";
			};
			name = Debug;
		};
		3302039A1DC82D8E009F8034 /* Release */ = {
			isa = XCBuildConfiguration;
			buildSettings = {
				ASSETCATALOG_COMPILER_APPICON_NAME = AppIcon;
				INFOPLIST_FILE = TestFileHandler/Info.plist;
				LD_RUNPATH_SEARCH_PATHS = "$(inherited) @executable_path/Frameworks";
				PRODUCT_BUNDLE_IDENTIFIER = com.scics.TestFileHandler;
				PRODUCT_NAME = "$(TARGET_NAME)";
			};
			name = Release;
		};
/* End XCBuildConfiguration section */

/* Begin XCConfigurationList section */
		3302037C1DC82D8E009F8034 /* Build configuration list for PBXProject "TestFileHandler" */ = {
			isa = XCConfigurationList;
			buildConfigurations = (
				330203961DC82D8E009F8034 /* Debug */,
				330203971DC82D8E009F8034 /* Release */,
			);
			defaultConfigurationIsVisible = 0;
			defaultConfigurationName = Release;
		};
		330203981DC82D8E009F8034 /* Build configuration list for PBXNativeTarget "TestFileHandler" */ = {
			isa = XCConfigurationList;
			buildConfigurations = (
				330203991DC82D8E009F8034 /* Debug */,
				3302039A1DC82D8E009F8034 /* Release */,
			);
			defaultConfigurationIsVisible = 0;
		};
/* End XCConfigurationList section */
	};
	rootObject = 330203791DC82D8E009F8034 /* Project object */;
}
